
Microsoft Visual Studio Solution File, Format Version 12.00
# Visual Studio Version 17
VisualStudioVersion = 17.4.33213.308
MinimumVisualStudioVersion = 10.0.40219.1
Project("{FAE04EC0-301F-11D3-BF4B-00C04F79EFBC}") = "Car_Backend", "Car_Backend\Car_Backend.csproj", "{5ADF4ABA-078F-40B4-983B-A53BEB356203}"
EndProject
Global
	GlobalSection(SolutionConfigurationPlatforms) = preSolution
		Debug|Any CPU = Debug|Any CPU
		Release|Any CPU = Release|Any CPU
	EndGlobalSection
	GlobalSection(ProjectConfigurationPlatforms) = postSolution
		{5ADF4ABA-078F-40B4-983B-A53BEB356203}.Debug|Any CPU.ActiveCfg = Debug|Any CPU
		{5ADF4ABA-078F-40B4-983B-A53BEB356203}.Debug|Any CPU.Build.0 = Debug|Any CPU
		{5ADF4ABA-078F-40B4-983B-A53BEB356203}.Release|Any CPU.ActiveCfg = Release|Any CPU
		{5ADF4ABA-078F-40B4-983B-A53BEB356203}.Release|Any CPU.Build.0 = Release|Any CPU
	EndGlobalSection
	GlobalSection(SolutionProperties) = preSolution
		HideSolutionNode = FALSE
	EndGlobalSection
	GlobalSection(ExtensibilityGlobals) = postSolution
		SolutionGuid = {8F5B7784-8B35-455D-A337-07CFA6AFEABF}
	EndGlobalSection
EndGlobal
